
Microsoft Visual Studio Solution File, Format Version 12.00
# Visual Studio Version 16
VisualStudioVersion = 16.0.33927.289
MinimumVisualStudioVersion = 10.0.40219.1
Project("{2150E333-8FDC-42A3-9474-1A3956D46DE8}") = "Task0", "Task0", "{DF62F336-94A8-4B52-A97C-D3041BFAE784}"
EndProject
Project("{FAE04EC0-301F-11D3-BF4B-00C04F79EFBC}") = "Tyuiu.AshirbakievAR.Sprint3.Task0.V5", "Tyuiu.AshirbakievAR.Sprint3.Task0.V5\Tyuiu.AshirbakievAR.Sprint3.Task0.V5.csproj", "{9E16F1F3-2D2A-4AE3-AA82-5EB21229607C}"
EndProject
Project("{FAE04EC0-301F-11D3-BF4B-00C04F79EFBC}") = "Tyuiu.AshirbakievAR.Sprint3.Task0.V5.Lib", "Tyuiu.AshirbakievAR.Sprint3.Task0.V5.Lib\Tyuiu.AshirbakievAR.Sprint3.Task0.V5.Lib.csproj", "{CD1370C0-4302-4AE6-8B0B-A1D36E6CF700}"
EndProject
Project("{FAE04EC0-301F-11D3-BF4B-00C04F79EFBC}") = "Tyuiu.AshirbakievAR.Sprint3.Task0.V5.Test", "Tyuiu.AshirbakievAR.Sprint3.Task0.V5.Test\Tyuiu.AshirbakievAR.Sprint3.Task0.V5.Test.csproj", "{80253DCE-A591-42B7-B03E-462507540AA5}"
EndProject
Project("{2150E333-8FDC-42A3-9474-1A3956D46DE8}") = "Task1", "Task1", "{0D1C073C-9137-4A28-BF33-A7A304611672}"
EndProject
Project("{FAE04EC0-301F-11D3-BF4B-00C04F79EFBC}") = "Tyuiu.AshirbakievAR.Sprint3.Task1.V11", "Tyuiu.AshirbakievAR.Sprint3.Task1.V11\Tyuiu.AshirbakievAR.Sprint3.Task1.V11.csproj", "{07A46EC6-148E-4573-AB1F-E9334D83EBE5}"
EndProject
Project("{FAE04EC0-301F-11D3-BF4B-00C04F79EFBC}") = "Tyuiu.AshirbakievAR.Sprint3.Task1.V11.Lib", "Tyuiu.AshirbakievAR.Sprint3.Task1.V11.Lib\Tyuiu.AshirbakievAR.Sprint3.Task1.V11.Lib.csproj", "{0B16899F-2DB0-463F-B7EE-B2A8142578C6}"
EndProject
Project("{FAE04EC0-301F-11D3-BF4B-00C04F79EFBC}") = "Tyuiu.AshirbakievAR.Sprint3.Task1.V11.Test", "Tyuiu.AshirbakievAR.Sprint3.Task1.V11.Test\Tyuiu.AshirbakievAR.Sprint3.Task1.V11.Test.csproj", "{AD718D08-7997-4769-95F8-4209B9D4A51A}"
EndProject
Project("{2150E333-8FDC-42A3-9474-1A3956D46DE8}") = "Task2", "Task2", "{BA0EE7DB-E84C-40AA-A66B-AA80CA9496C5}"
EndProject
Project("{FAE04EC0-301F-11D3-BF4B-00C04F79EFBC}") = "Tyuiu.AshirbakievAR.Sprint3.Task2.V15", "Tyuiu.AshirbakievAR.Sprint3.Task2.V15\Tyuiu.AshirbakievAR.Sprint3.Task2.V15.csproj", "{15D298F7-0E98-4C36-A25E-906AB808DFE5}"
EndProject
Project("{FAE04EC0-301F-11D3-BF4B-00C04F79EFBC}") = "Tyuiu.AshirbakievAR.Sprint3.Task2.V15.Lib", "Tyuiu.AshirbakievAR.Sprint3.Task2.V15.Lib\Tyuiu.AshirbakievAR.Sprint3.Task2.V15.Lib.csproj", "{28AAB858-CF06-4838-AFD1-C763A2228F71}"
EndProject
Project("{FAE04EC0-301F-11D3-BF4B-00C04F79EFBC}") = "Tyuiu.AshirbakievAR.Sprint3.Task2.V15.Test", "Tyuiu.AshirbakievAR.Sprint3.Task2.V15.Test\Tyuiu.AshirbakievAR.Sprint3.Task2.V15.Test.csproj", "{AD74AB4A-6E2B-4A15-B428-FF127A6B5F08}"
EndProject
Project("{2150E333-8FDC-42A3-9474-1A3956D46DE8}") = "Task3", "Task3", "{EC2D3A05-ECDC-43C2-8B07-E11EDF8FC4B5}"
EndProject
Project("{FAE04EC0-301F-11D3-BF4B-00C04F79EFBC}") = "Tyuiu.AshirbakievAR.Sprint3.Task3.V11", "Tyuiu.AshirbakievAR.Sprint3.Task3.V11\Tyuiu.AshirbakievAR.Sprint3.Task3.V11.csproj", "{7807495B-0CC4-4D9A-BA78-1DEE33435926}"
EndProject
Project("{FAE04EC0-301F-11D3-BF4B-00C04F79EFBC}") = "Tyuiu.AshirbakievAR.Sprint3.Task3.V11.Lib", "Tyuiu.AshirbakievAR.Sprint3.Task3.V11.Lib\Tyuiu.AshirbakievAR.Sprint3.Task3.V11.Lib.csproj", "{7E781572-1851-4DD1-95AB-DBBCF5BF6128}"
EndProject
Project("{FAE04EC0-301F-11D3-BF4B-00C04F79EFBC}") = "Tyuiu.AshirbakievAR.Sprint3.Task3.V11.Test", "Tyuiu.AshirbakievAR.Sprint3.Task3.V11.Test\Tyuiu.AshirbakievAR.Sprint3.Task3.V11.Test.csproj", "{9274CC09-B050-416D-8869-C2DD720F5AA6}"
EndProject
Project("{2150E333-8FDC-42A3-9474-1A3956D46DE8}") = "Task4", "Task4", "{ADCCAC3D-F59E-436F-A110-736A99711C7B}"
EndProject
Project("{FAE04EC0-301F-11D3-BF4B-00C04F79EFBC}") = "Tyuiu.AshirbakievAR.Sprint3.Task4.V14", "Tyuiu.AshirbakievAR.Sprint3.Task4.V14\Tyuiu.AshirbakievAR.Sprint3.Task4.V14.csproj", "{DA8A092C-690C-4910-A294-C7090C2F7FA4}"
EndProject
Project("{FAE04EC0-301F-11D3-BF4B-00C04F79EFBC}") = "Tyuiu.AshirbakievAR.Sprint3.Task4.V14.Lib", "Tyuiu.AshirbakievAR.Sprint3.Task4.V14.Lib\Tyuiu.AshirbakievAR.Sprint3.Task4.V14.Lib.csproj", "{44CB1E72-34C6-4834-A6C7-F11306361BD8}"
EndProject
Project("{FAE04EC0-301F-11D3-BF4B-00C04F79EFBC}") = "Tyuiu.AshirbakievAR.Sprint3.Task4.V14.Test", "Tyuiu.AshirbakievAR.Sprint3.Task4.V14.Test\Tyuiu.AshirbakievAR.Sprint3.Task4.V14.Test.csproj", "{F21411E8-6FB8-4382-8366-E9DE858C41DD}"
EndProject
Project("{2150E333-8FDC-42A3-9474-1A3956D46DE8}") = "Task5", "Task5", "{55EAE557-8300-4793-8796-22F1EFE7A9FF}"
EndProject
Project("{FAE04EC0-301F-11D3-BF4B-00C04F79EFBC}") = "Tyuiu.AshirbakievAR.Sprint3.Task5.V11", "Tyuiu.AshirbakievAR.Sprint3.Task5.V11\Tyuiu.AshirbakievAR.Sprint3.Task5.V11.csproj", "{A317F223-B5E2-4E3C-883E-F671DC1A6F0E}"
EndProject
Project("{FAE04EC0-301F-11D3-BF4B-00C04F79EFBC}") = "Tyuiu.AshirbakievAR.Sprint3.Task5.V11.Lib", "Tyuiu.AshirbakievAR.Sprint3.Task5.V11.Lib\Tyuiu.AshirbakievAR.Sprint3.Task5.V11.Lib.csproj", "{A79F4FCB-FB60-4882-B144-BFA0E0522FB9}"
EndProject
Project("{FAE04EC0-301F-11D3-BF4B-00C04F79EFBC}") = "Tyuiu.AshirbakievAR.Sprint3.Task5.V11.Test", "Tyuiu.AshirbakievAR.Sprint3.Task5.V11.Test\Tyuiu.AshirbakievAR.Sprint3.Task5.V11.Test.csproj", "{35269F5E-1024-4468-861D-A4B0D87001D9}"
EndProject
Project("{2150E333-8FDC-42A3-9474-1A3956D46DE8}") = "Task6", "Task6", "{06782C28-BC4B-484D-8633-9488EB7C8576}"
EndProject
Project("{FAE04EC0-301F-11D3-BF4B-00C04F79EFBC}") = "Tyuiu.AshirbakievAR.Sprint3.Task6.V4", "Tyuiu.AshirbakievAR.Sprint3.Task6.V4\Tyuiu.AshirbakievAR.Sprint3.Task6.V4.csproj", "{7139F262-D7A1-4A36-B7DC-EECB9742106D}"
EndProject
Project("{FAE04EC0-301F-11D3-BF4B-00C04F79EFBC}") = "Tyuiu.AshirbakievAR.Sprint3.Task6.V4.Lib", "Tyuiu.AshirbakievAR.Sprint3.Task6.V4.Lib\Tyuiu.AshirbakievAR.Sprint3.Task6.V4.Lib.csproj", "{BC8A100A-B45C-4039-9E33-F3B370723016}"
EndProject
Project("{FAE04EC0-301F-11D3-BF4B-00C04F79EFBC}") = "Tyuiu.AshirbakievAR.Sprint3.Task6.V4.Test", "Tyuiu.AshirbakievAR.Sprint3.Task6.V4.Test\Tyuiu.AshirbakievAR.Sprint3.Task6.V4.Test.csproj", "{7AB6C221-1883-4EB4-A9A5-317F7809BAD4}"
EndProject
Global
	GlobalSection(SolutionConfigurationPlatforms) = preSolution
		Debug|Any CPU = Debug|Any CPU
		Release|Any CPU = Release|Any CPU
	EndGlobalSection
	GlobalSection(ProjectConfigurationPlatforms) = postSolution
		{9E16F1F3-2D2A-4AE3-AA82-5EB21229607C}.Debug|Any CPU.ActiveCfg = Debug|Any CPU
		{9E16F1F3-2D2A-4AE3-AA82-5EB21229607C}.Debug|Any CPU.Build.0 = Debug|Any CPU
		{9E16F1F3-2D2A-4AE3-AA82-5EB21229607C}.Release|Any CPU.ActiveCfg = Release|Any CPU
		{9E16F1F3-2D2A-4AE3-AA82-5EB21229607C}.Release|Any CPU.Build.0 = Release|Any CPU
		{CD1370C0-4302-4AE6-8B0B-A1D36E6CF700}.Debug|Any CPU.ActiveCfg = Debug|Any CPU
		{CD1370C0-4302-4AE6-8B0B-A1D36E6CF700}.Debug|Any CPU.Build.0 = Debug|Any CPU
		{CD1370C0-4302-4AE6-8B0B-A1D36E6CF700}.Release|Any CPU.ActiveCfg = Release|Any CPU
		{CD1370C0-4302-4AE6-8B0B-A1D36E6CF700}.Release|Any CPU.Build.0 = Release|Any CPU
		{80253DCE-A591-42B7-B03E-462507540AA5}.Debug|Any CPU.ActiveCfg = Debug|Any CPU
		{80253DCE-A591-42B7-B03E-462507540AA5}.Debug|Any CPU.Build.0 = Debug|Any CPU
		{80253DCE-A591-42B7-B03E-462507540AA5}.Release|Any CPU.ActiveCfg = Release|Any CPU
		{80253DCE-A591-42B7-B03E-462507540AA5}.Release|Any CPU.Build.0 = Release|Any CPU
		{07A46EC6-148E-4573-AB1F-E9334D83EBE5}.Debug|Any CPU.ActiveCfg = Debug|Any CPU
		{07A46EC6-148E-4573-AB1F-E9334D83EBE5}.Debug|Any CPU.Build.0 = Debug|Any CPU
		{07A46EC6-148E-4573-AB1F-E9334D83EBE5}.Release|Any CPU.ActiveCfg = Release|Any CPU
		{07A46EC6-148E-4573-AB1F-E9334D83EBE5}.Release|Any CPU.Build.0 = Release|Any CPU
		{0B16899F-2DB0-463F-B7EE-B2A8142578C6}.Debug|Any CPU.ActiveCfg = Debug|Any CPU
		{0B16899F-2DB0-463F-B7EE-B2A8142578C6}.Debug|Any CPU.Build.0 = Debug|Any CPU
		{0B16899F-2DB0-463F-B7EE-B2A8142578C6}.Release|Any CPU.ActiveCfg = Release|Any CPU
		{0B16899F-2DB0-463F-B7EE-B2A8142578C6}.Release|Any CPU.Build.0 = Release|Any CPU
		{AD718D08-7997-4769-95F8-4209B9D4A51A}.Debug|Any CPU.ActiveCfg = Debug|Any CPU
		{AD718D08-7997-4769-95F8-4209B9D4A51A}.Debug|Any CPU.Build.0 = Debug|Any CPU
		{AD718D08-7997-4769-95F8-4209B9D4A51A}.Release|Any CPU.ActiveCfg = Release|Any CPU
		{AD718D08-7997-4769-95F8-4209B9D4A51A}.Release|Any CPU.Build.0 = Release|Any CPU
		{15D298F7-0E98-4C36-A25E-906AB808DFE5}.Debug|Any CPU.ActiveCfg = Debug|Any CPU
		{15D298F7-0E98-4C36-A25E-906AB808DFE5}.Debug|Any CPU.Build.0 = Debug|Any CPU
		{15D298F7-0E98-4C36-A25E-906AB808DFE5}.Release|Any CPU.ActiveCfg = Release|Any CPU
		{15D298F7-0E98-4C36-A25E-906AB808DFE5}.Release|Any CPU.Build.0 = Release|Any CPU
		{28AAB858-CF06-4838-AFD1-C763A2228F71}.Debug|Any CPU.ActiveCfg = Debug|Any CPU
		{28AAB858-CF06-4838-AFD1-C763A2228F71}.Debug|Any CPU.Build.0 = Debug|Any CPU
		{28AAB858-CF06-4838-AFD1-C763A2228F71}.Release|Any CPU.ActiveCfg = Release|Any CPU
		{28AAB858-CF06-4838-AFD1-C763A2228F71}.Release|Any CPU.Build.0 = Release|Any CPU
		{AD74AB4A-6E2B-4A15-B428-FF127A6B5F08}.Debug|Any CPU.ActiveCfg = Debug|Any CPU
		{AD74AB4A-6E2B-4A15-B428-FF127A6B5F08}.Debug|Any CPU.Build.0 = Debug|Any CPU
		{AD74AB4A-6E2B-4A15-B428-FF127A6B5F08}.Release|Any CPU.ActiveCfg = Release|Any CPU
		{AD74AB4A-6E2B-4A15-B428-FF127A6B5F08}.Release|Any CPU.Build.0 = Release|Any CPU
		{7807495B-0CC4-4D9A-BA78-1DEE33435926}.Debug|Any CPU.ActiveCfg = Debug|Any CPU
		{7807495B-0CC4-4D9A-BA78-1DEE33435926}.Debug|Any CPU.Build.0 = Debug|Any CPU
		{7807495B-0CC4-4D9A-BA78-1DEE33435926}.Release|Any CPU.ActiveCfg = Release|Any CPU
		{7807495B-0CC4-4D9A-BA78-1DEE33435926}.Release|Any CPU.Build.0 = Release|Any CPU
		{7E781572-1851-4DD1-95AB-DBBCF5BF6128}.Debug|Any CPU.ActiveCfg = Debug|Any CPU
		{7E781572-1851-4DD1-95AB-DBBCF5BF6128}.Debug|Any CPU.Build.0 = Debug|Any CPU
		{7E781572-1851-4DD1-95AB-DBBCF5BF6128}.Release|Any CPU.ActiveCfg = Release|Any CPU
		{7E781572-1851-4DD1-95AB-DBBCF5BF6128}.Release|Any CPU.Build.0 = Release|Any CPU
		{9274CC09-B050-416D-8869-C2DD720F5AA6}.Debug|Any CPU.ActiveCfg = Debug|Any CPU
		{9274CC09-B050-416D-8869-C2DD720F5AA6}.Debug|Any CPU.Build.0 = Debug|Any CPU
		{9274CC09-B050-416D-8869-C2DD720F5AA6}.Release|Any CPU.ActiveCfg = Release|Any CPU
		{9274CC09-B050-416D-8869-C2DD720F5AA6}.Release|Any CPU.Build.0 = Release|Any CPU
		{DA8A092C-690C-4910-A294-C7090C2F7FA4}.Debug|Any CPU.ActiveCfg = Debug|Any CPU
		{DA8A092C-690C-4910-A294-C7090C2F7FA4}.Debug|Any CPU.Build.0 = Debug|Any CPU
		{DA8A092C-690C-4910-A294-C7090C2F7FA4}.Release|Any CPU.ActiveCfg = Release|Any CPU
		{DA8A092C-690C-4910-A294-C7090C2F7FA4}.Release|Any CPU.Build.0 = Release|Any CPU
		{44CB1E72-34C6-4834-A6C7-F11306361BD8}.Debug|Any CPU.ActiveCfg = Debug|Any CPU
		{44CB1E72-34C6-4834-A6C7-F11306361BD8}.Debug|Any CPU.Build.0 = Debug|Any CPU
		{44CB1E72-34C6-4834-A6C7-F11306361BD8}.Release|Any CPU.ActiveCfg = Release|Any CPU
		{44CB1E72-34C6-4834-A6C7-F11306361BD8}.Release|Any CPU.Build.0 = Release|Any CPU
		{F21411E8-6FB8-4382-8366-E9DE858C41DD}.Debug|Any CPU.ActiveCfg = Debug|Any CPU
		{F21411E8-6FB8-4382-8366-E9DE858C41DD}.Debug|Any CPU.Build.0 = Debug|Any CPU
		{F21411E8-6FB8-4382-8366-E9DE858C41DD}.Release|Any CPU.ActiveCfg = Release|Any CPU
		{F21411E8-6FB8-4382-8366-E9DE858C41DD}.Release|Any CPU.Build.0 = Release|Any CPU
		{A317F223-B5E2-4E3C-883E-F671DC1A6F0E}.Debug|Any CPU.ActiveCfg = Debug|Any CPU
		{A317F223-B5E2-4E3C-883E-F671DC1A6F0E}.Debug|Any CPU.Build.0 = Debug|Any CPU
		{A317F223-B5E2-4E3C-883E-F671DC1A6F0E}.Release|Any CPU.ActiveCfg = Release|Any CPU
		{A317F223-B5E2-4E3C-883E-F671DC1A6F0E}.Release|Any CPU.Build.0 = Release|Any CPU
		{A79F4FCB-FB60-4882-B144-BFA0E0522FB9}.Debug|Any CPU.ActiveCfg = Debug|Any CPU
		{A79F4FCB-FB60-4882-B144-BFA0E0522FB9}.Debug|Any CPU.Build.0 = Debug|Any CPU
		{A79F4FCB-FB60-4882-B144-BFA0E0522FB9}.Release|Any CPU.ActiveCfg = Release|Any CPU
		{A79F4FCB-FB60-4882-B144-BFA0E0522FB9}.Release|Any CPU.Build.0 = Release|Any CPU
		{35269F5E-1024-4468-861D-A4B0D87001D9}.Debug|Any CPU.ActiveCfg = Debug|Any CPU
		{35269F5E-1024-4468-861D-A4B0D87001D9}.Debug|Any CPU.Build.0 = Debug|Any CPU
		{35269F5E-1024-4468-861D-A4B0D87001D9}.Release|Any CPU.ActiveCfg = Release|Any CPU
		{35269F5E-1024-4468-861D-A4B0D87001D9}.Release|Any CPU.Build.0 = Release|Any CPU
		{7139F262-D7A1-4A36-B7DC-EECB9742106D}.Debug|Any CPU.ActiveCfg = Debug|Any CPU
		{7139F262-D7A1-4A36-B7DC-EECB9742106D}.Debug|Any CPU.Build.0 = Debug|Any CPU
		{7139F262-D7A1-4A36-B7DC-EECB9742106D}.Release|Any CPU.ActiveCfg = Release|Any CPU
		{7139F262-D7A1-4A36-B7DC-EECB9742106D}.Release|Any CPU.Build.0 = Release|Any CPU
		{BC8A100A-B45C-4039-9E33-F3B370723016}.Debug|Any CPU.ActiveCfg = Debug|Any CPU
		{BC8A100A-B45C-4039-9E33-F3B370723016}.Debug|Any CPU.Build.0 = Debug|Any CPU
		{BC8A100A-B45C-4039-9E33-F3B370723016}.Release|Any CPU.ActiveCfg = Release|Any CPU
		{BC8A100A-B45C-4039-9E33-F3B370723016}.Release|Any CPU.Build.0 = Release|Any CPU
		{7AB6C221-1883-4EB4-A9A5-317F7809BAD4}.Debug|Any CPU.ActiveCfg = Debug|Any CPU
		{7AB6C221-1883-4EB4-A9A5-317F7809BAD4}.Debug|Any CPU.Build.0 = Debug|Any CPU
		{7AB6C221-1883-4EB4-A9A5-317F7809BAD4}.Release|Any CPU.ActiveCfg = Release|Any CPU
		{7AB6C221-1883-4EB4-A9A5-317F7809BAD4}.Release|Any CPU.Build.0 = Release|Any CPU
	EndGlobalSection
	GlobalSection(SolutionProperties) = preSolution
		HideSolutionNode = FALSE
	EndGlobalSection
	GlobalSection(NestedProjects) = preSolution
		{9E16F1F3-2D2A-4AE3-AA82-5EB21229607C} = {DF62F336-94A8-4B52-A97C-D3041BFAE784}
		{CD1370C0-4302-4AE6-8B0B-A1D36E6CF700} = {DF62F336-94A8-4B52-A97C-D3041BFAE784}
		{80253DCE-A591-42B7-B03E-462507540AA5} = {DF62F336-94A8-4B52-A97C-D3041BFAE784}
		{07A46EC6-148E-4573-AB1F-E9334D83EBE5} = {0D1C073C-9137-4A28-BF33-A7A304611672}
		{0B16899F-2DB0-463F-B7EE-B2A8142578C6} = {0D1C073C-9137-4A28-BF33-A7A304611672}
		{AD718D08-7997-4769-95F8-4209B9D4A51A} = {0D1C073C-9137-4A28-BF33-A7A304611672}
		{15D298F7-0E98-4C36-A25E-906AB808DFE5} = {BA0EE7DB-E84C-40AA-A66B-AA80CA9496C5}
		{28AAB858-CF06-4838-AFD1-C763A2228F71} = {BA0EE7DB-E84C-40AA-A66B-AA80CA9496C5}
		{AD74AB4A-6E2B-4A15-B428-FF127A6B5F08} = {BA0EE7DB-E84C-40AA-A66B-AA80CA9496C5}
		{7807495B-0CC4-4D9A-BA78-1DEE33435926} = {EC2D3A05-ECDC-43C2-8B07-E11EDF8FC4B5}
		{7E781572-1851-4DD1-95AB-DBBCF5BF6128} = {EC2D3A05-ECDC-43C2-8B07-E11EDF8FC4B5}
		{9274CC09-B050-416D-8869-C2DD720F5AA6} = {EC2D3A05-ECDC-43C2-8B07-E11EDF8FC4B5}
		{DA8A092C-690C-4910-A294-C7090C2F7FA4} = {ADCCAC3D-F59E-436F-A110-736A99711C7B}
		{44CB1E72-34C6-4834-A6C7-F11306361BD8} = {ADCCAC3D-F59E-436F-A110-736A99711C7B}
		{F21411E8-6FB8-4382-8366-E9DE858C41DD} = {ADCCAC3D-F59E-436F-A110-736A99711C7B}
		{A317F223-B5E2-4E3C-883E-F671DC1A6F0E} = {55EAE557-8300-4793-8796-22F1EFE7A9FF}
		{A79F4FCB-FB60-4882-B144-BFA0E0522FB9} = {55EAE557-8300-4793-8796-22F1EFE7A9FF}
		{35269F5E-1024-4468-861D-A4B0D87001D9} = {55EAE557-8300-4793-8796-22F1EFE7A9FF}
		{7139F262-D7A1-4A36-B7DC-EECB9742106D} = {06782C28-BC4B-484D-8633-9488EB7C8576}
		{BC8A100A-B45C-4039-9E33-F3B370723016} = {06782C28-BC4B-484D-8633-9488EB7C8576}
		{7AB6C221-1883-4EB4-A9A5-317F7809BAD4} = {06782C28-BC4B-484D-8633-9488EB7C8576}
	EndGlobalSection
	GlobalSection(ExtensibilityGlobals) = postSolution
		SolutionGuid = {3760E8B5-474F-4D41-9687-602540C0F032}
	EndGlobalSection
EndGlobal
